
Microsoft Visual Studio Solution File, Format Version 12.00
# Visual Studio 15
Project("{FAE04EC0-301F-11D3-BF4B-00C04F79EFBC}") = "NumberTaker.Droid", "NumberTaker.Droid\NumberTaker.Droid.csproj", "{FB8B66FC-86FB-475D-883F-B644C2902529}"
EndProject
Project("{FAE04EC0-301F-11D3-BF4B-00C04F79EFBC}") = "NumberTaker.iOS", "NumberTaker.iOS\NumberTaker.iOS.csproj", "{7AE85175-7B37-4515-912D-10F632C0ED5F}"
EndProject
Project("{FAE04EC0-301F-11D3-BF4B-00C04F79EFBC}") = "NumberTaker.UITests", "NumberTaker.UITests\NumberTaker.UITests.csproj", "{F64B69C0-3F8B-45DF-8F6C-4B45ED8C93EB}"
EndProject
Project("{FAE04EC0-301F-11D3-BF4B-00C04F79EFBC}") = "NumberTaker.Core", "NumberTaker.Core\NumberTaker.Core.csproj", "{D8992177-F707-433A-9609-E8E7586F054E}"
EndProject
Global
	GlobalSection(SolutionConfigurationPlatforms) = preSolution
		Debug|Any CPU = Debug|Any CPU
		Release|Any CPU = Release|Any CPU
		Debug|iPhoneSimulator = Debug|iPhoneSimulator
		Release|iPhone = Release|iPhone
		Release|iPhoneSimulator = Release|iPhoneSimulator
		Debug|iPhone = Debug|iPhone
	EndGlobalSection
	GlobalSection(ProjectConfigurationPlatforms) = postSolution
		{FB8B66FC-86FB-475D-883F-B644C2902529}.Debug|Any CPU.ActiveCfg = Debug|Any CPU
		{FB8B66FC-86FB-475D-883F-B644C2902529}.Debug|Any CPU.Build.0 = Debug|Any CPU
		{FB8B66FC-86FB-475D-883F-B644C2902529}.Release|Any CPU.ActiveCfg = Release|Any CPU
		{FB8B66FC-86FB-475D-883F-B644C2902529}.Release|Any CPU.Build.0 = Release|Any CPU
		{FB8B66FC-86FB-475D-883F-B644C2902529}.Debug|iPhoneSimulator.ActiveCfg = Debug|Any CPU
		{FB8B66FC-86FB-475D-883F-B644C2902529}.Debug|iPhoneSimulator.Build.0 = Debug|Any CPU
		{FB8B66FC-86FB-475D-883F-B644C2902529}.Release|iPhone.ActiveCfg = Release|Any CPU
		{FB8B66FC-86FB-475D-883F-B644C2902529}.Release|iPhone.Build.0 = Release|Any CPU
		{FB8B66FC-86FB-475D-883F-B644C2902529}.Release|iPhoneSimulator.ActiveCfg = Release|Any CPU
		{FB8B66FC-86FB-475D-883F-B644C2902529}.Release|iPhoneSimulator.Build.0 = Release|Any CPU
		{FB8B66FC-86FB-475D-883F-B644C2902529}.Debug|iPhone.ActiveCfg = Debug|Any CPU
		{FB8B66FC-86FB-475D-883F-B644C2902529}.Debug|iPhone.Build.0 = Debug|Any CPU
		{7AE85175-7B37-4515-912D-10F632C0ED5F}.Debug|Any CPU.ActiveCfg = Debug|iPhoneSimulator
		{7AE85175-7B37-4515-912D-10F632C0ED5F}.Debug|Any CPU.Build.0 = Debug|iPhoneSimulator
		{7AE85175-7B37-4515-912D-10F632C0ED5F}.Release|Any CPU.ActiveCfg = Release|iPhone
		{7AE85175-7B37-4515-912D-10F632C0ED5F}.Release|Any CPU.Build.0 = Release|iPhone
		{7AE85175-7B37-4515-912D-10F632C0ED5F}.Debug|iPhoneSimulator.ActiveCfg = Debug|iPhoneSimulator
		{7AE85175-7B37-4515-912D-10F632C0ED5F}.Debug|iPhoneSimulator.Build.0 = Debug|iPhoneSimulator
		{7AE85175-7B37-4515-912D-10F632C0ED5F}.Release|iPhone.ActiveCfg = Release|iPhone
		{7AE85175-7B37-4515-912D-10F632C0ED5F}.Release|iPhone.Build.0 = Release|iPhone
		{7AE85175-7B37-4515-912D-10F632C0ED5F}.Release|iPhoneSimulator.ActiveCfg = Release|iPhoneSimulator
		{7AE85175-7B37-4515-912D-10F632C0ED5F}.Release|iPhoneSimulator.Build.0 = Release|iPhoneSimulator
		{7AE85175-7B37-4515-912D-10F632C0ED5F}.Debug|iPhone.ActiveCfg = Debug|iPhone
		{7AE85175-7B37-4515-912D-10F632C0ED5F}.Debug|iPhone.Build.0 = Debug|iPhone
		{F64B69C0-3F8B-45DF-8F6C-4B45ED8C93EB}.Debug|Any CPU.ActiveCfg = Debug|Any CPU
		{F64B69C0-3F8B-45DF-8F6C-4B45ED8C93EB}.Debug|Any CPU.Build.0 = Debug|Any CPU
		{F64B69C0-3F8B-45DF-8F6C-4B45ED8C93EB}.Release|Any CPU.ActiveCfg = Release|Any CPU
		{F64B69C0-3F8B-45DF-8F6C-4B45ED8C93EB}.Release|Any CPU.Build.0 = Release|Any CPU
		{F64B69C0-3F8B-45DF-8F6C-4B45ED8C93EB}.Debug|iPhoneSimulator.ActiveCfg = Debug|Any CPU
		{F64B69C0-3F8B-45DF-8F6C-4B45ED8C93EB}.Debug|iPhoneSimulator.Build.0 = Debug|Any CPU
		{F64B69C0-3F8B-45DF-8F6C-4B45ED8C93EB}.Release|iPhone.ActiveCfg = Release|Any CPU
		{F64B69C0-3F8B-45DF-8F6C-4B45ED8C93EB}.Release|iPhone.Build.0 = Release|Any CPU
		{F64B69C0-3F8B-45DF-8F6C-4B45ED8C93EB}.Release|iPhoneSimulator.ActiveCfg = Release|Any CPU
		{F64B69C0-3F8B-45DF-8F6C-4B45ED8C93EB}.Release|iPhoneSimulator.Build.0 = Release|Any CPU
		{F64B69C0-3F8B-45DF-8F6C-4B45ED8C93EB}.Debug|iPhone.ActiveCfg = Debug|Any CPU
		{F64B69C0-3F8B-45DF-8F6C-4B45ED8C93EB}.Debug|iPhone.Build.0 = Debug|Any CPU
		{D8992177-F707-433A-9609-E8E7586F054E}.Debug|Any CPU.ActiveCfg = Debug|Any CPU
		{D8992177-F707-433A-9609-E8E7586F054E}.Debug|Any CPU.Build.0 = Debug|Any CPU
		{D8992177-F707-433A-9609-E8E7586F054E}.Release|Any CPU.ActiveCfg = Release|Any CPU
		{D8992177-F707-433A-9609-E8E7586F054E}.Release|Any CPU.Build.0 = Release|Any CPU
		{D8992177-F707-433A-9609-E8E7586F054E}.Debug|iPhoneSimulator.ActiveCfg = Debug|Any CPU
		{D8992177-F707-433A-9609-E8E7586F054E}.Debug|iPhoneSimulator.Build.0 = Debug|Any CPU
		{D8992177-F707-433A-9609-E8E7586F054E}.Release|iPhone.ActiveCfg = Release|Any CPU
		{D8992177-F707-433A-9609-E8E7586F054E}.Release|iPhone.Build.0 = Release|Any CPU
		{D8992177-F707-433A-9609-E8E7586F054E}.Release|iPhoneSimulator.ActiveCfg = Release|Any CPU
		{D8992177-F707-433A-9609-E8E7586F054E}.Release|iPhoneSimulator.Build.0 = Release|Any CPU
		{D8992177-F707-433A-9609-E8E7586F054E}.Debug|iPhone.ActiveCfg = Debug|Any CPU
		{D8992177-F707-433A-9609-E8E7586F054E}.Debug|iPhone.Build.0 = Debug|Any CPU
	EndGlobalSection
EndGlobal
